
Microsoft Visual Studio Solution File, Format Version 12.00
# Visual Studio Version 17
VisualStudioVersion = 17.7.34024.191
MinimumVisualStudioVersion = 10.0.40219.1
Project("{FAE04EC0-301F-11D3-BF4B-00C04F79EFBC}") = "Livro", "Livro\Livro.csproj", "{B196ADFA-94B1-4BD6-82B7-13997981F47D}"
EndProject
Global
	GlobalSection(SolutionConfigurationPlatforms) = preSolution
		Debug|Any CPU = Debug|Any CPU
		Release|Any CPU = Release|Any CPU
	EndGlobalSection
	GlobalSection(ProjectConfigurationPlatforms) = postSolution
		{B196ADFA-94B1-4BD6-82B7-13997981F47D}.Debug|Any CPU.ActiveCfg = Debug|Any CPU
		{B196ADFA-94B1-4BD6-82B7-13997981F47D}.Debug|Any CPU.Build.0 = Debug|Any CPU
		{B196ADFA-94B1-4BD6-82B7-13997981F47D}.Release|Any CPU.ActiveCfg = Release|Any CPU
		{B196ADFA-94B1-4BD6-82B7-13997981F47D}.Release|Any CPU.Build.0 = Release|Any CPU
	EndGlobalSection
	GlobalSection(SolutionProperties) = preSolution
		HideSolutionNode = FALSE
	EndGlobalSection
	GlobalSection(ExtensibilityGlobals) = postSolution
		SolutionGuid = {58407B95-7FDE-4663-BFA6-F25DC66755C7}
	EndGlobalSection
EndGlobal
